// !$*UTF8*$!
{
	archiveVersion = 1;
	classes = {
	};
	objectVersion = 50;
	objects = {

/* Begin PBXBuildFile section */
		A32EAAF622A7F81E004755FF /* AppDelegate.swift in Sources */ = {isa = PBXBuildFile; fileRef = A32EAAF522A7F81E004755FF /* AppDelegate.swift */; };
		A32EAAF822A7F81E004755FF /* SceneDelegate.swift in Sources */ = {isa = PBXBuildFile; fileRef = A32EAAF722A7F81E004755FF /* SceneDelegate.swift */; };
		A32EAAFA22A7F81E004755FF /* ViewController.swift in Sources */ = {isa = PBXBuildFile; fileRef = A32EAAF922A7F81E004755FF /* ViewController.swift */; };
		A32EAAFD22A7F81E004755FF /* Main.storyboard in Resources */ = {isa = PBXBuildFile; fileRef = A32EAAFB22A7F81E004755FF /* Main.storyboard */; };
		A32EAAFF22A7F81F004755FF /* Assets.xcassets in Resources */ = {isa = PBXBuildFile; fileRef = A32EAAFE22A7F81F004755FF /* Assets.xcassets */; };
		A32EAB0222A7F81F004755FF /* LaunchScreen.storyboard in Resources */ = {isa = PBXBuildFile; fileRef = A32EAB0022A7F81F004755FF /* LaunchScreen.storyboard */; };
		A32EAB0D22A7F820004755FF /* SimpleWeatherTests.swift in Sources */ = {isa = PBXBuildFile; fileRef = A32EAB0C22A7F820004755FF /* SimpleWeatherTests.swift */; };
		A32EAB1822A7F820004755FF /* SimpleWeatherUITests.swift in Sources */ = {isa = PBXBuildFile; fileRef = A32EAB1722A7F820004755FF /* SimpleWeatherUITests.swift */; };
		A32EAB2622A80352004755FF /* WeatherViewController.swift in Sources */ = {isa = PBXBuildFile; fileRef = A32EAB2522A80352004755FF /* WeatherViewController.swift */; };
		A3B6570D22A80A77000FE9E0 /* LocationManager.swift in Sources */ = {isa = PBXBuildFile; fileRef = A3B6570C22A80A77000FE9E0 /* LocationManager.swift */; };
		A3B6570F22A80E28000FE9E0 /* WeatherService.swift in Sources */ = {isa = PBXBuildFile; fileRef = A3B6570E22A80E28000FE9E0 /* WeatherService.swift */; };
		A3B6571122A8116C000FE9E0 /* Weather.swift in Sources */ = {isa = PBXBuildFile; fileRef = A3B6571022A8116C000FE9E0 /* Weather.swift */; };
/* End PBXBuildFile section */

/* Begin PBXContainerItemProxy section */
		A32EAB0922A7F820004755FF /* PBXContainerItemProxy */ = {
			isa = PBXContainerItemProxy;
			containerPortal = A32EAAEA22A7F81E004755FF /* Project object */;
			proxyType = 1;
			remoteGlobalIDString = A32EAAF122A7F81E004755FF;
			remoteInfo = SimpleWeather;
		};
		A32EAB1422A7F820004755FF /* PBXContainerItemProxy */ = {
			isa = PBXContainerItemProxy;
			containerPortal = A32EAAEA22A7F81E004755FF /* Project object */;
			proxyType = 1;
			remoteGlobalIDString = A32EAAF122A7F81E004755FF;
			remoteInfo = SimpleWeather;
		};
/* End PBXContainerItemProxy section */

/* Begin PBXFileReference section */
		A32EAAF222A7F81E004755FF /* SimpleWeather.app */ = {isa = PBXFileReference; explicitFileType = wrapper.application; includeInIndex = 0; path = SimpleWeather.app; sourceTree = BUILT_PRODUCTS_DIR; };
		A32EAAF522A7F81E004755FF /* AppDelegate.swift */ = {isa = PBXFileReference; lastKnownFileType = sourcecode.swift; path = AppDelegate.swift; sourceTree = "<group>"; };
		A32EAAF722A7F81E004755FF /* SceneDelegate.swift */ = {isa = PBXFileReference; lastKnownFileType = sourcecode.swift; path = SceneDelegate.swift; sourceTree = "<group>"; };
		A32EAAF922A7F81E004755FF /* ViewController.swift */ = {isa = PBXFileReference; lastKnownFileType = sourcecode.swift; path = ViewController.swift; sourceTree = "<group>"; };
		A32EAAFC22A7F81E004755FF /* Base */ = {isa = PBXFileReference; lastKnownFileType = file.storyboard; name = Base; path = Base.lproj/Main.storyboard; sourceTree = "<group>"; };
		A32EAAFE22A7F81F004755FF /* Assets.xcassets */ = {isa = PBXFileReference; lastKnownFileType = folder.assetcatalog; path = Assets.xcassets; sourceTree = "<group>"; };
		A32EAB0122A7F81F004755FF /* Base */ = {isa = PBXFileReference; lastKnownFileType = file.storyboard; name = Base; path = Base.lproj/LaunchScreen.storyboard; sourceTree = "<group>"; };
		A32EAB0322A7F81F004755FF /* Info.plist */ = {isa = PBXFileReference; lastKnownFileType = text.plist.xml; path = Info.plist; sourceTree = "<group>"; };
		A32EAB0822A7F820004755FF /* SimpleWeatherTests.xctest */ = {isa = PBXFileReference; explicitFileType = wrapper.cfbundle; includeInIndex = 0; path = SimpleWeatherTests.xctest; sourceTree = BUILT_PRODUCTS_DIR; };
		A32EAB0C22A7F820004755FF /* SimpleWeatherTests.swift */ = {isa = PBXFileReference; lastKnownFileType = sourcecode.swift; path = SimpleWeatherTests.swift; sourceTree = "<group>"; };
		A32EAB0E22A7F820004755FF /* Info.plist */ = {isa = PBXFileReference; lastKnownFileType = text.plist.xml; path = Info.plist; sourceTree = "<group>"; };
		A32EAB1322A7F820004755FF /* SimpleWeatherUITests.xctest */ = {isa = PBXFileReference; explicitFileType = wrapper.cfbundle; includeInIndex = 0; path = SimpleWeatherUITests.xctest; sourceTree = BUILT_PRODUCTS_DIR; };
		A32EAB1722A7F820004755FF /* SimpleWeatherUITests.swift */ = {isa = PBXFileReference; lastKnownFileType = sourcecode.swift; path = SimpleWeatherUITests.swift; sourceTree = "<group>"; };
		A32EAB1922A7F820004755FF /* Info.plist */ = {isa = PBXFileReference; lastKnownFileType = text.plist.xml; path = Info.plist; sourceTree = "<group>"; };
		A32EAB2522A80352004755FF /* WeatherViewController.swift */ = {isa = PBXFileReference; lastKnownFileType = sourcecode.swift; path = WeatherViewController.swift; sourceTree = "<group>"; };
		A3B6570C22A80A77000FE9E0 /* LocationManager.swift */ = {isa = PBXFileReference; lastKnownFileType = sourcecode.swift; path = LocationManager.swift; sourceTree = "<group>"; };
		A3B6570E22A80E28000FE9E0 /* WeatherService.swift */ = {isa = PBXFileReference; lastKnownFileType = sourcecode.swift; path = WeatherService.swift; sourceTree = "<group>"; };
		A3B6571022A8116C000FE9E0 /* Weather.swift */ = {isa = PBXFileReference; lastKnownFileType = sourcecode.swift; path = Weather.swift; sourceTree = "<group>"; };
/* End PBXFileReference section */

/* Begin PBXFrameworksBuildPhase section */
		A32EAAEF22A7F81E004755FF /* Frameworks */ = {
			isa = PBXFrameworksBuildPhase;
			buildActionMask = 2147483647;
			files = (
			);
			runOnlyForDeploymentPostprocessing = 0;
		};
		A32EAB0522A7F820004755FF /* Frameworks */ = {
			isa = PBXFrameworksBuildPhase;
			buildActionMask = 2147483647;
			files = (
			);
			runOnlyForDeploymentPostprocessing = 0;
		};
		A32EAB1022A7F820004755FF /* Frameworks */ = {
			isa = PBXFrameworksBuildPhase;
			buildActionMask = 2147483647;
			files = (
			);
			runOnlyForDeploymentPostprocessing = 0;
		};
/* End PBXFrameworksBuildPhase section */

/* Begin PBXGroup section */
		A32EAAE922A7F81E004755FF = {
			isa = PBXGroup;
			children = (
				A32EAAF422A7F81E004755FF /* SimpleWeather */,
				A32EAB0B22A7F820004755FF /* SimpleWeatherTests */,
				A32EAB1622A7F820004755FF /* SimpleWeatherUITests */,
				A32EAAF322A7F81E004755FF /* Products */,
			);
			sourceTree = "<group>";
		};
		A32EAAF322A7F81E004755FF /* Products */ = {
			isa = PBXGroup;
			children = (
				A32EAAF222A7F81E004755FF /* SimpleWeather.app */,
				A32EAB0822A7F820004755FF /* SimpleWeatherTests.xctest */,
				A32EAB1322A7F820004755FF /* SimpleWeatherUITests.xctest */,
			);
			name = Products;
			sourceTree = "<group>";
		};
		A32EAAF422A7F81E004755FF /* SimpleWeather */ = {
			isa = PBXGroup;
			children = (
				A32EAAF522A7F81E004755FF /* AppDelegate.swift */,
				A32EAAF722A7F81E004755FF /* SceneDelegate.swift */,
				A32EAAF922A7F81E004755FF /* ViewController.swift */,
				A32EAAFB22A7F81E004755FF /* Main.storyboard */,
				A32EAAFE22A7F81F004755FF /* Assets.xcassets */,
				A32EAB0022A7F81F004755FF /* LaunchScreen.storyboard */,
				A32EAB0322A7F81F004755FF /* Info.plist */,
				A32EAB2522A80352004755FF /* WeatherViewController.swift */,
				A3C7F7A522A821B5000134E1 /* Services */,
			);
			path = SimpleWeather;
			sourceTree = "<group>";
		};
		A32EAB0B22A7F820004755FF /* SimpleWeatherTests */ = {
			isa = PBXGroup;
			children = (
				A32EAB0C22A7F820004755FF /* SimpleWeatherTests.swift */,
				A32EAB0E22A7F820004755FF /* Info.plist */,
			);
			path = SimpleWeatherTests;
			sourceTree = "<group>";
		};
		A32EAB1622A7F820004755FF /* SimpleWeatherUITests */ = {
			isa = PBXGroup;
			children = (
				A32EAB1722A7F820004755FF /* SimpleWeatherUITests.swift */,
				A32EAB1922A7F820004755FF /* Info.plist */,
			);
			path = SimpleWeatherUITests;
			sourceTree = "<group>";
		};
		A3C7F7A522A821B5000134E1 /* Services */ = {
			isa = PBXGroup;
			children = (
				A3B6570C22A80A77000FE9E0 /* LocationManager.swift */,
				A3B6570E22A80E28000FE9E0 /* WeatherService.swift */,
				A3B6571022A8116C000FE9E0 /* Weather.swift */,
			);
			path = Services;
			sourceTree = "<group>";
		};
/* End PBXGroup section */

/* Begin PBXNativeTarget section */
		A32EAAF122A7F81E004755FF /* SimpleWeather */ = {
			isa = PBXNativeTarget;
			buildConfigurationList = A32EAB1C22A7F820004755FF /* Build configuration list for PBXNativeTarget "SimpleWeather" */;
			buildPhases = (
				A32EAAEE22A7F81E004755FF /* Sources */,
				A32EAAEF22A7F81E004755FF /* Frameworks */,
				A32EAAF022A7F81E004755FF /* Resources */,
			);
			buildRules = (
			);
			dependencies = (
			);
			name = SimpleWeather;
			productName = SimpleWeather;
			productReference = A32EAAF222A7F81E004755FF /* SimpleWeather.app */;
			productType = "com.apple.product-type.application";
		};
		A32EAB0722A7F820004755FF /* SimpleWeatherTests */ = {
			isa = PBXNativeTarget;
			buildConfigurationList = A32EAB1F22A7F820004755FF /* Build configuration list for PBXNativeTarget "SimpleWeatherTests" */;
			buildPhases = (
				A32EAB0422A7F820004755FF /* Sources */,
				A32EAB0522A7F820004755FF /* Frameworks */,
				A32EAB0622A7F820004755FF /* Resources */,
			);
			buildRules = (
			);
			dependencies = (
				A32EAB0A22A7F820004755FF /* PBXTargetDependency */,
			);
			name = SimpleWeatherTests;
			productName = SimpleWeatherTests;
			productReference = A32EAB0822A7F820004755FF /* SimpleWeatherTests.xctest */;
			productType = "com.apple.product-type.bundle.unit-test";
		};
		A32EAB1222A7F820004755FF /* SimpleWeatherUITests */ = {
			isa = PBXNativeTarget;
			buildConfigurationList = A32EAB2222A7F820004755FF /* Build configuration list for PBXNativeTarget "SimpleWeatherUITests" */;
			buildPhases = (
				A32EAB0F22A7F820004755FF /* Sources */,
				A32EAB1022A7F820004755FF /* Frameworks */,
				A32EAB1122A7F820004755FF /* Resources */,
			);
			buildRules = (
			);
			dependencies = (
				A32EAB1522A7F820004755FF /* PBXTargetDependency */,
			);
			name = SimpleWeatherUITests;
			productName = SimpleWeatherUITests;
			productReference = A32EAB1322A7F820004755FF /* SimpleWeatherUITests.xctest */;
			productType = "com.apple.product-type.bundle.ui-testing";
		};
/* End PBXNativeTarget section */

/* Begin PBXProject section */
		A32EAAEA22A7F81E004755FF /* Project object */ = {
			isa = PBXProject;
			attributes = {
				LastSwiftUpdateCheck = 1100;
				LastUpgradeCheck = 1100;
				ORGANIZATIONNAME = "Matt Sanford";
				TargetAttributes = {
					A32EAAF122A7F81E004755FF = {
						CreatedOnToolsVersion = 11.0;
					};
					A32EAB0722A7F820004755FF = {
						CreatedOnToolsVersion = 11.0;
						TestTargetID = A32EAAF122A7F81E004755FF;
					};
					A32EAB1222A7F820004755FF = {
						CreatedOnToolsVersion = 11.0;
						TestTargetID = A32EAAF122A7F81E004755FF;
					};
				};
			};
			buildConfigurationList = A32EAAED22A7F81E004755FF /* Build configuration list for PBXProject "SimpleWeather" */;
			compatibilityVersion = "Xcode 9.3";
			developmentRegion = en;
			hasScannedForEncodings = 0;
			knownRegions = (
				en,
				Base,
			);
			mainGroup = A32EAAE922A7F81E004755FF;
			productRefGroup = A32EAAF322A7F81E004755FF /* Products */;
			projectDirPath = "";
			projectRoot = "";
			targets = (
				A32EAAF122A7F81E004755FF /* SimpleWeather */,
				A32EAB0722A7F820004755FF /* SimpleWeatherTests */,
				A32EAB1222A7F820004755FF /* SimpleWeatherUITests */,
			);
		};
/* End PBXProject section */

/* Begin PBXResourcesBuildPhase section */
		A32EAAF022A7F81E004755FF /* Resources */ = {
			isa = PBXResourcesBuildPhase;
			buildActionMask = 2147483647;
			files = (
				A32EAB0222A7F81F004755FF /* LaunchScreen.storyboard in Resources */,
				A32EAAFF22A7F81F004755FF /* Assets.xcassets in Resources */,
				A32EAAFD22A7F81E004755FF /* Main.storyboard in Resources */,
			);
			runOnlyForDeploymentPostprocessing = 0;
		};
		A32EAB0622A7F820004755FF /* Resources */ = {
			isa = PBXResourcesBuildPhase;
			buildActionMask = 2147483647;
			files = (
			);
			runOnlyForDeploymentPostprocessing = 0;
		};
		A32EAB1122A7F820004755FF /* Resources */ = {
			isa = PBXResourcesBuildPhase;
			buildActionMask = 2147483647;
			files = (
			);
			runOnlyForDeploymentPostprocessing = 0;
		};
/* End PBXResourcesBuildPhase section */

/* Begin PBXSourcesBuildPhase section */
		A32EAAEE22A7F81E004755FF /* Sources */ = {
			isa = PBXSourcesBuildPhase;
			buildActionMask = 2147483647;
			files = (
				A32EAAFA22A7F81E004755FF /* ViewController.swift in Sources */,
				A32EAB2622A80352004755FF /* WeatherViewController.swift in Sources */,
				A3B6570D22A80A77000FE9E0 /* LocationManager.swift in Sources */,
				A32EAAF622A7F81E004755FF /* AppDelegate.swift in Sources */,
				A3B6570F22A80E28000FE9E0 /* WeatherService.swift in Sources */,
				A32EAAF822A7F81E004755FF /* SceneDelegate.swift in Sources */,
				A3B6571122A8116C000FE9E0 /* Weather.swift in Sources */,
			);
			runOnlyForDeploymentPostprocessing = 0;
		};
		A32EAB0422A7F820004755FF /* Sources */ = {
			isa = PBXSourcesBuildPhase;
			buildActionMask = 2147483647;
			files = (
				A32EAB0D22A7F820004755FF /* SimpleWeatherTests.swift in Sources */,
			);
			runOnlyForDeploymentPostprocessing = 0;
		};
		A32EAB0F22A7F820004755FF /* Sources */ = {
			isa = PBXSourcesBuildPhase;
			buildActionMask = 2147483647;
			files = (
				A32EAB1822A7F820004755FF /* SimpleWeatherUITests.swift in Sources */,
			);
			runOnlyForDeploymentPostprocessing = 0;
		};
/* End PBXSourcesBuildPhase section */

/* Begin PBXTargetDependency section */
		A32EAB0A22A7F820004755FF /* PBXTargetDependency */ = {
			isa = PBXTargetDependency;
			target = A32EAAF122A7F81E004755FF /* SimpleWeather */;
			targetProxy = A32EAB0922A7F820004755FF /* PBXContainerItemProxy */;
		};
		A32EAB1522A7F820004755FF /* PBXTargetDependency */ = {
			isa = PBXTargetDependency;
			target = A32EAAF122A7F81E004755FF /* SimpleWeather */;
			targetProxy = A32EAB1422A7F820004755FF /* PBXContainerItemProxy */;
		};
/* End PBXTargetDependency section */

/* Begin PBXVariantGroup section */
		A32EAAFB22A7F81E004755FF /* Main.storyboard */ = {
			isa = PBXVariantGroup;
			children = (
				A32EAAFC22A7F81E004755FF /* Base */,
			);
			name = Main.storyboard;
			sourceTree = "<group>";
		};
		A32EAB0022A7F81F004755FF /* LaunchScreen.storyboard */ = {
			isa = PBXVariantGroup;
			children = (
				A32EAB0122A7F81F004755FF /* Base */,
			);
			name = LaunchScreen.storyboard;
			sourceTree = "<group>";
		};
/* End PBXVariantGroup section */

/* Begin XCBuildConfiguration section */
		A32EAB1A22A7F820004755FF /* Debug */ = {
			isa = XCBuildConfiguration;
			buildSettings = {
				ALWAYS_SEARCH_USER_PATHS = NO;
				CLANG_ANALYZER_NONNULL = YES;
				CLANG_ANALYZER_NUMBER_OBJECT_CONVERSION = YES_AGGRESSIVE;
				CLANG_CXX_LANGUAGE_STANDARD = "gnu++14";
				CLANG_CXX_LIBRARY = "libc++";
				CLANG_ENABLE_MODULES = YES;
				CLANG_ENABLE_OBJC_ARC = YES;
				CLANG_ENABLE_OBJC_WEAK = YES;
				CLANG_WARN_BLOCK_CAPTURE_AUTORELEASING = YES;
				CLANG_WARN_BOOL_CONVERSION = YES;
				CLANG_WARN_COMMA = YES;
				CLANG_WARN_CONSTANT_CONVERSION = YES;
				CLANG_WARN_DEPRECATED_OBJC_IMPLEMENTATIONS = YES;
				CLANG_WARN_DIRECT_OBJC_ISA_USAGE = YES_ERROR;
				CLANG_WARN_DOCUMENTATION_COMMENTS = YES;
				CLANG_WARN_EMPTY_BODY = YES;
				CLANG_WARN_ENUM_CONVERSION = YES;
				CLANG_WARN_INFINITE_RECURSION = YES;
				CLANG_WARN_INT_CONVERSION = YES;
				CLANG_WARN_NON_LITERAL_NULL_CONVERSION = YES;
				CLANG_WARN_OBJC_IMPLICIT_RETAIN_SELF = YES;
				CLANG_WARN_OBJC_LITERAL_CONVERSION = YES;
				CLANG_WARN_OBJC_ROOT_CLASS = YES_ERROR;
				CLANG_WARN_RANGE_LOOP_ANALYSIS = YES;
				CLANG_WARN_STRICT_PROTOTYPES = YES;
				CLANG_WARN_SUSPICIOUS_MOVE = YES;
				CLANG_WARN_UNGUARDED_AVAILABILITY = YES_AGGRESSIVE;
				CLANG_WARN_UNREACHABLE_CODE = YES;
				CLANG_WARN__DUPLICATE_METHOD_MATCH = YES;
				COPY_PHASE_STRIP = NO;
				DEBUG_INFORMATION_FORMAT = dwarf;
				ENABLE_STRICT_OBJC_MSGSEND = YES;
				ENABLE_TESTABILITY = YES;
				GCC_C_LANGUAGE_STANDARD = gnu11;
				GCC_DYNAMIC_NO_PIC = NO;
				GCC_NO_COMMON_BLOCKS = YES;
				GCC_OPTIMIZATION_LEVEL = 0;
				GCC_PREPROCESSOR_DEFINITIONS = (
					"DEBUG=1",
					"$(inherited)",
				);
				GCC_WARN_64_TO_32_BIT_CONVERSION = YES;
				GCC_WARN_ABOUT_RETURN_TYPE = YES_ERROR;
				GCC_WARN_UNDECLARED_SELECTOR = YES;
				GCC_WARN_UNINITIALIZED_AUTOS = YES_AGGRESSIVE;
				GCC_WARN_UNUSED_FUNCTION = YES;
				GCC_WARN_UNUSED_VARIABLE = YES;
				IPHONEOS_DEPLOYMENT_TARGET = 13.0;
				MTL_ENABLE_DEBUG_INFO = INCLUDE_SOURCE;
				MTL_FAST_MATH = YES;
				ONLY_ACTIVE_ARCH = YES;
				SDKROOT = iphoneos;
				SWIFT_ACTIVE_COMPILATION_CONDITIONS = DEBUG;
				SWIFT_OPTIMIZATION_LEVEL = "-Onone";
			};
			name = Debug;
		};
		A32EAB1B22A7F820004755FF /* Release */ = {
			isa = XCBuildConfiguration;
			buildSettings = {
				ALWAYS_SEARCH_USER_PATHS = NO;
				CLANG_ANALYZER_NONNULL = YES;
				CLANG_ANALYZER_NUMBER_OBJECT_CONVERSION = YES_AGGRESSIVE;
				CLANG_CXX_LANGUAGE_STANDARD = "gnu++14";
				CLANG_CXX_LIBRARY = "libc++";
				CLANG_ENABLE_MODULES = YES;
				CLANG_ENABLE_OBJC_ARC = YES;
				CLANG_ENABLE_OBJC_WEAK = YES;
				CLANG_WARN_BLOCK_CAPTURE_AUTORELEASING = YES;
				CLANG_WARN_BOOL_CONVERSION = YES;
				CLANG_WARN_COMMA = YES;
				CLANG_WARN_CONSTANT_CONVERSION = YES;
				CLANG_WARN_DEPRECATED_OBJC_IMPLEMENTATIONS = YES;
				CLANG_WARN_DIRECT_OBJC_ISA_USAGE = YES_ERROR;
				CLANG_WARN_DOCUMENTATION_COMMENTS = YES;
				CLANG_WARN_EMPTY_BODY = YES;
				CLANG_WARN_ENUM_CONVERSION = YES;
				CLANG_WARN_INFINITE_RECURSION = YES;
				CLANG_WARN_INT_CONVERSION = YES;
				CLANG_WARN_NON_LITERAL_NULL_CONVERSION = YES;
				CLANG_WARN_OBJC_IMPLICIT_RETAIN_SELF = YES;
				CLANG_WARN_OBJC_LITERAL_CONVERSION = YES;
				CLANG_WARN_OBJC_ROOT_CLASS = YES_ERROR;
				CLANG_WARN_RANGE_LOOP_ANALYSIS = YES;
				CLANG_WARN_STRICT_PROTOTYPES = YES;
				CLANG_WARN_SUSPICIOUS_MOVE = YES;
				CLANG_WARN_UNGUARDED_AVAILABILITY = YES_AGGRESSIVE;
				CLANG_WARN_UNREACHABLE_CODE = YES;
				CLANG_WARN__DUPLICATE_METHOD_MATCH = YES;
				COPY_PHASE_STRIP = NO;
				DEBUG_INFORMATION_FORMAT = "dwarf-with-dsym";
				ENABLE_NS_ASSERTIONS = NO;
				ENABLE_STRICT_OBJC_MSGSEND = YES;
				GCC_C_LANGUAGE_STANDARD = gnu11;
				GCC_NO_COMMON_BLOCKS = YES;
				GCC_WARN_64_TO_32_BIT_CONVERSION = YES;
				GCC_WARN_ABOUT_RETURN_TYPE = YES_ERROR;
				GCC_WARN_UNDECLARED_SELECTOR = YES;
				GCC_WARN_UNINITIALIZED_AUTOS = YES_AGGRESSIVE;
				GCC_WARN_UNUSED_FUNCTION = YES;
				GCC_WARN_UNUSED_VARIABLE = YES;
				IPHONEOS_DEPLOYMENT_TARGET = 13.0;
				MTL_ENABLE_DEBUG_INFO = NO;
				MTL_FAST_MATH = YES;
				SDKROOT = iphoneos;
				SWIFT_COMPILATION_MODE = wholemodule;
				SWIFT_OPTIMIZATION_LEVEL = "-O";
				VALIDATE_PRODUCT = YES;
			};
			name = Release;
		};
		A32EAB1D22A7F820004755FF /* Debug */ = {
			isa = XCBuildConfiguration;
			buildSettings = {
				ASSETCATALOG_COMPILER_APPICON_NAME = AppIcon;
				CODE_SIGN_STYLE = Automatic;
				INFOPLIST_FILE = SimpleWeather/Info.plist;
				LD_RUNPATH_SEARCH_PATHS = (
					"$(inherited)",
					"@executable_path/Frameworks",
				);
				PRODUCT_BUNDLE_IDENTIFIER = com.sanch.SimpleWeather;
				PRODUCT_NAME = "$(TARGET_NAME)";
				SWIFT_VERSION = 5.0;
				TARGETED_DEVICE_FAMILY = "1,2";
			};
			name = Debug;
		};
		A32EAB1E22A7F820004755FF /* Release */ = {
			isa = XCBuildConfiguration;
			buildSettings = {
				ASSETCATALOG_COMPILER_APPICON_NAME = AppIcon;
				CODE_SIGN_STYLE = Automatic;
				INFOPLIST_FILE = SimpleWeather/Info.plist;
				LD_RUNPATH_SEARCH_PATHS = (
					"$(inherited)",
					"@executable_path/Frameworks",
				);
				PRODUCT_BUNDLE_IDENTIFIER = com.sanch.SimpleWeather;
				PRODUCT_NAME = "$(TARGET_NAME)";
				SWIFT_VERSION = 5.0;
				TARGETED_DEVICE_FAMILY = "1,2";
			};
			name = Release;
		};
		A32EAB2022A7F820004755FF /* Debug */ = {
			isa = XCBuildConfiguration;
			buildSettings = {
				ALWAYS_EMBED_SWIFT_STANDARD_LIBRARIES = YES;
				BUNDLE_LOADER = "$(TEST_HOST)";
				CODE_SIGN_STYLE = Automatic;
				INFOPLIST_FILE = SimpleWeatherTests/Info.plist;
				LD_RUNPATH_SEARCH_PATHS = (
					"$(inherited)",
					"@executable_path/Frameworks",
					"@loader_path/Frameworks",
				);
				PRODUCT_BUNDLE_IDENTIFIER = com.sanch.SimpleWeatherTests;
				PRODUCT_NAME = "$(TARGET_NAME)";
				SWIFT_VERSION = 5.0;
				TARGETED_DEVICE_FAMILY = "1,2";
				TEST_HOST = "$(BUILT_PRODUCTS_DIR)/SimpleWeather.app/SimpleWeather";
			};
			name = Debug;
		};
		A32EAB2122A7F820004755FF /* Release */ = {
			isa = XCBuildConfiguration;
			buildSettings = {
				ALWAYS_EMBED_SWIFT_STANDARD_LIBRARIES = YES;
				BUNDLE_LOADER = "$(TEST_HOST)";
				CODE_SIGN_STYLE = Automatic;
				INFOPLIST_FILE = SimpleWeatherTests/Info.plist;
				LD_RUNPATH_SEARCH_PATHS = (
					"$(inherited)",
					"@executable_path/Frameworks",
					"@loader_path/Frameworks",
				);
				PRODUCT_BUNDLE_IDENTIFIER = com.sanch.SimpleWeatherTests;
				PRODUCT_NAME = "$(TARGET_NAME)";
				SWIFT_VERSION = 5.0;
				TARGETED_DEVICE_FAMILY = "1,2";
				TEST_HOST = "$(BUILT_PRODUCTS_DIR)/SimpleWeather.app/SimpleWeather";
			};
			name = Release;
		};
		A32EAB2322A7F820004755FF /* Debug */ = {
			isa = XCBuildConfiguration;
			buildSettings = {
				ALWAYS_EMBED_SWIFT_STANDARD_LIBRARIES = YES;
				CODE_SIGN_STYLE = Automatic;
				INFOPLIST_FILE = SimpleWeatherUITests/Info.plist;
				LD_RUNPATH_SEARCH_PATHS = (
					"$(inherited)",
					"@executable_path/Frameworks",
					"@loader_path/Frameworks",
				);
				PRODUCT_BUNDLE_IDENTIFIER = com.sanch.SimpleWeatherUITests;
				PRODUCT_NAME = "$(TARGET_NAME)";
				SWIFT_VERSION = 5.0;
				TARGETED_DEVICE_FAMILY = "1,2";
				TEST_TARGET_NAME = SimpleWeather;
			};
			name = Debug;
		};
		A32EAB2422A7F820004755FF /* Release */ = {
			isa = XCBuildConfiguration;
			buildSettings = {
				ALWAYS_EMBED_SWIFT_STANDARD_LIBRARIES = YES;
				CODE_SIGN_STYLE = Automatic;
				INFOPLIST_FILE = SimpleWeatherUITests/Info.plist;
				LD_RUNPATH_SEARCH_PATHS = (
					"$(inherited)",
					"@executable_path/Frameworks",
					"@loader_path/Frameworks",
				);
				PRODUCT_BUNDLE_IDENTIFIER = com.sanch.SimpleWeatherUITests;
				PRODUCT_NAME = "$(TARGET_NAME)";
				SWIFT_VERSION = 5.0;
				TARGETED_DEVICE_FAMILY = "1,2";
				TEST_TARGET_NAME = SimpleWeather;
			};
			name = Release;
		};
/* End XCBuildConfiguration section */

/* Begin XCConfigurationList section */
		A32EAAED22A7F81E004755FF /* Build configuration list for PBXProject "SimpleWeather" */ = {
			isa = XCConfigurationList;
			buildConfigurations = (
				A32EAB1A22A7F820004755FF /* Debug */,
				A32EAB1B22A7F820004755FF /* Release */,
			);
			defaultConfigurationIsVisible = 0;
			defaultConfigurationName = Release;
		};
		A32EAB1C22A7F820004755FF /* Build configuration list for PBXNativeTarget "SimpleWeather" */ = {
			isa = XCConfigurationList;
			buildConfigurations = (
				A32EAB1D22A7F820004755FF /* Debug */,
				A32EAB1E22A7F820004755FF /* Release */,
			);
			defaultConfigurationIsVisible = 0;
			defaultConfigurationName = Release;
		};
		A32EAB1F22A7F820004755FF /* Build configuration list for PBXNativeTarget "SimpleWeatherTests" */ = {
			isa = XCConfigurationList;
			buildConfigurations = (
				A32EAB2022A7F820004755FF /* Debug */,
				A32EAB2122A7F820004755FF /* Release */,
			);
			defaultConfigurationIsVisible = 0;
			defaultConfigurationName = Release;
		};
		A32EAB2222A7F820004755FF /* Build configuration list for PBXNativeTarget "SimpleWeatherUITests" */ = {
			isa = XCConfigurationList;
			buildConfigurations = (
				A32EAB2322A7F820004755FF /* Debug */,
				A32EAB2422A7F820004755FF /* Release */,
			);
			defaultConfigurationIsVisible = 0;
			defaultConfigurationName = Release;
		};
/* End XCConfigurationList section */
	};
	rootObject = A32EAAEA22A7F81E004755FF /* Project object */;
}
